
Microsoft Visual Studio Solution File, Format Version 12.00
# Visual Studio Version 16
VisualStudioVersion = 16.0.29409.12
MinimumVisualStudioVersion = 10.0.40219.1
Project("{9A19103F-16F7-4668-BE54-9A1E7A4F7556}") = "AzerothWarsCSharp.Launcher", "src\AzerothWarsCSharp.Launcher\AzerothWarsCSharp.Launcher.csproj", "{7467C647-3C6F-437C-A761-7E37542F577C}"
EndProject
Project("{9A19103F-16F7-4668-BE54-9A1E7A4F7556}") = "AzerothWarsCSharp.Source", "src\AzerothWarsCSharp.Source\AzerothWarsCSharp.Source.csproj", "{F93D82E3-B6B7-4BBD-B87D-8AD0969BFC94}"
EndProject
Project("{9A19103F-16F7-4668-BE54-9A1E7A4F7556}") = "AzerothWarsCSharp.Common", "src\AzerothWarsCSharp.Common\AzerothWarsCSharp.Common.csproj", "{60229EED-4712-4161-9C58-7616C2128336}"
EndProject
Project("{9A19103F-16F7-4668-BE54-9A1E7A4F7556}") = "AzerothWarsCSharp.Generated", "src\AzerothWarsCSharp.Generated\AzerothWarsCSharp.Generated.csproj", "{3DE25822-0AB6-4F6B-B8E3-6353A4068171}"
EndProject
Project("{9A19103F-16F7-4668-BE54-9A1E7A4F7556}") = "War3Api.Object", "War3Api.Object\War3Api.Object.csproj", "{CC747477-E330-4FA5-8832-1EDD6BA97241}"
EndProject
Project("{FAE04EC0-301F-11D3-BF4B-00C04F79EFBC}") = "AzerothWarsCSharp.ObjectFactory", "src\AzerothWarsCSharp.ObjectFactory\AzerothWarsCSharp.ObjectFactory.csproj", "{60FA4F2C-D3F6-4861-9B9B-02657030B811}"
EndProject
Global
	GlobalSection(SolutionConfigurationPlatforms) = preSolution
		Debug|Any CPU = Debug|Any CPU
		Release|Any CPU = Release|Any CPU
	EndGlobalSection
	GlobalSection(ProjectConfigurationPlatforms) = postSolution
		{7467C647-3C6F-437C-A761-7E37542F577C}.Debug|Any CPU.ActiveCfg = Debug|Any CPU
		{7467C647-3C6F-437C-A761-7E37542F577C}.Debug|Any CPU.Build.0 = Debug|Any CPU
		{7467C647-3C6F-437C-A761-7E37542F577C}.Release|Any CPU.ActiveCfg = Release|Any CPU
		{7467C647-3C6F-437C-A761-7E37542F577C}.Release|Any CPU.Build.0 = Release|Any CPU
		{F93D82E3-B6B7-4BBD-B87D-8AD0969BFC94}.Debug|Any CPU.ActiveCfg = Debug|Any CPU
		{F93D82E3-B6B7-4BBD-B87D-8AD0969BFC94}.Debug|Any CPU.Build.0 = Debug|Any CPU
		{F93D82E3-B6B7-4BBD-B87D-8AD0969BFC94}.Release|Any CPU.ActiveCfg = Release|Any CPU
		{F93D82E3-B6B7-4BBD-B87D-8AD0969BFC94}.Release|Any CPU.Build.0 = Release|Any CPU
		{60229EED-4712-4161-9C58-7616C2128336}.Debug|Any CPU.ActiveCfg = Debug|Any CPU
		{60229EED-4712-4161-9C58-7616C2128336}.Debug|Any CPU.Build.0 = Debug|Any CPU
		{60229EED-4712-4161-9C58-7616C2128336}.Release|Any CPU.ActiveCfg = Release|Any CPU
		{60229EED-4712-4161-9C58-7616C2128336}.Release|Any CPU.Build.0 = Release|Any CPU
		{3DE25822-0AB6-4F6B-B8E3-6353A4068171}.Debug|Any CPU.ActiveCfg = Debug|Any CPU
		{3DE25822-0AB6-4F6B-B8E3-6353A4068171}.Debug|Any CPU.Build.0 = Debug|Any CPU
		{3DE25822-0AB6-4F6B-B8E3-6353A4068171}.Release|Any CPU.ActiveCfg = Release|Any CPU
		{3DE25822-0AB6-4F6B-B8E3-6353A4068171}.Release|Any CPU.Build.0 = Release|Any CPU
		{F01F11A4-628D-4A4A-A2E4-469C52EE5D15}.Debug|Any CPU.ActiveCfg = Debug|Any CPU
		{F01F11A4-628D-4A4A-A2E4-469C52EE5D15}.Debug|Any CPU.Build.0 = Debug|Any CPU
		{F01F11A4-628D-4A4A-A2E4-469C52EE5D15}.Release|Any CPU.ActiveCfg = Release|Any CPU
		{F01F11A4-628D-4A4A-A2E4-469C52EE5D15}.Release|Any CPU.Build.0 = Release|Any CPU
		{CC747477-E330-4FA5-8832-1EDD6BA97241}.Debug|Any CPU.ActiveCfg = Debug|Any CPU
		{CC747477-E330-4FA5-8832-1EDD6BA97241}.Debug|Any CPU.Build.0 = Debug|Any CPU
		{CC747477-E330-4FA5-8832-1EDD6BA97241}.Release|Any CPU.ActiveCfg = Release|Any CPU
		{CC747477-E330-4FA5-8832-1EDD6BA97241}.Release|Any CPU.Build.0 = Release|Any CPU
		{60FA4F2C-D3F6-4861-9B9B-02657030B811}.Debug|Any CPU.ActiveCfg = Debug|Any CPU
		{60FA4F2C-D3F6-4861-9B9B-02657030B811}.Debug|Any CPU.Build.0 = Debug|Any CPU
		{60FA4F2C-D3F6-4861-9B9B-02657030B811}.Release|Any CPU.ActiveCfg = Release|Any CPU
		{60FA4F2C-D3F6-4861-9B9B-02657030B811}.Release|Any CPU.Build.0 = Release|Any CPU
	EndGlobalSection
	GlobalSection(SolutionProperties) = preSolution
		HideSolutionNode = FALSE
	EndGlobalSection
	GlobalSection(ExtensibilityGlobals) = postSolution
		SolutionGuid = {13F798B6-A816-403B-92A1-31B188E801A2}
	EndGlobalSection
EndGlobal
