
Microsoft Visual Studio Solution File, Format Version 12.00
# Visual Studio Version 16
VisualStudioVersion = 16.0.29409.12
MinimumVisualStudioVersion = 10.0.40219.1
Project("{9A19103F-16F7-4668-BE54-9A1E7A4F7556}") = "War3Map.Template.Launcher", "src\War3Map.Template.Launcher\War3Map.Template.Launcher.csproj", "{7467C647-3C6F-437C-A761-7E37542F577C}"
EndProject
Project("{9A19103F-16F7-4668-BE54-9A1E7A4F7556}") = "War3Map.Template.Source", "src\War3Map.Template.Source\War3Map.Template.Source.csproj", "{F93D82E3-B6B7-4BBD-B87D-8AD0969BFC94}"
EndProject
Project("{9A19103F-16F7-4668-BE54-9A1E7A4F7556}") = "War3Map.Template.Common", "src\War3Map.Template.Common\War3Map.Template.Common.csproj", "{60229EED-4712-4161-9C58-7616C2128336}"
EndProject
Project("{9A19103F-16F7-4668-BE54-9A1E7A4F7556}") = "War3Map.Template.Generated", "src\War3Map.Template.Generated\War3Map.Template.Generated.csproj", "{3DE25822-0AB6-4F6B-B8E3-6353A4068171}"
EndProject
Project("{9A19103F-16F7-4668-BE54-9A1E7A4F7556}") = "War3Map.Template.Tests", "tests\War3Map.Template.Tests\War3Map.Template.Tests.csproj", "{AC91DCE4-ABE5-4EE2-94D4-5ED37DB7DD58}"
EndProject
Global
	GlobalSection(SolutionConfigurationPlatforms) = preSolution
		Debug|Any CPU = Debug|Any CPU
		Release|Any CPU = Release|Any CPU
	EndGlobalSection
	GlobalSection(ProjectConfigurationPlatforms) = postSolution
		{7467C647-3C6F-437C-A761-7E37542F577C}.Debug|Any CPU.ActiveCfg = Debug|Any CPU
		{7467C647-3C6F-437C-A761-7E37542F577C}.Debug|Any CPU.Build.0 = Debug|Any CPU
		{7467C647-3C6F-437C-A761-7E37542F577C}.Release|Any CPU.ActiveCfg = Release|Any CPU
		{7467C647-3C6F-437C-A761-7E37542F577C}.Release|Any CPU.Build.0 = Release|Any CPU
		{F93D82E3-B6B7-4BBD-B87D-8AD0969BFC94}.Debug|Any CPU.ActiveCfg = Debug|Any CPU
		{F93D82E3-B6B7-4BBD-B87D-8AD0969BFC94}.Debug|Any CPU.Build.0 = Debug|Any CPU
		{F93D82E3-B6B7-4BBD-B87D-8AD0969BFC94}.Release|Any CPU.ActiveCfg = Release|Any CPU
		{F93D82E3-B6B7-4BBD-B87D-8AD0969BFC94}.Release|Any CPU.Build.0 = Release|Any CPU
		{60229EED-4712-4161-9C58-7616C2128336}.Debug|Any CPU.ActiveCfg = Debug|Any CPU
		{60229EED-4712-4161-9C58-7616C2128336}.Debug|Any CPU.Build.0 = Debug|Any CPU
		{60229EED-4712-4161-9C58-7616C2128336}.Release|Any CPU.ActiveCfg = Release|Any CPU
		{60229EED-4712-4161-9C58-7616C2128336}.Release|Any CPU.Build.0 = Release|Any CPU
		{3DE25822-0AB6-4F6B-B8E3-6353A4068171}.Debug|Any CPU.ActiveCfg = Debug|Any CPU
		{3DE25822-0AB6-4F6B-B8E3-6353A4068171}.Debug|Any CPU.Build.0 = Debug|Any CPU
		{3DE25822-0AB6-4F6B-B8E3-6353A4068171}.Release|Any CPU.ActiveCfg = Release|Any CPU
		{3DE25822-0AB6-4F6B-B8E3-6353A4068171}.Release|Any CPU.Build.0 = Release|Any CPU
		{AC91DCE4-ABE5-4EE2-94D4-5ED37DB7DD58}.Debug|Any CPU.ActiveCfg = Debug|Any CPU
		{AC91DCE4-ABE5-4EE2-94D4-5ED37DB7DD58}.Debug|Any CPU.Build.0 = Debug|Any CPU
		{AC91DCE4-ABE5-4EE2-94D4-5ED37DB7DD58}.Release|Any CPU.ActiveCfg = Release|Any CPU
		{AC91DCE4-ABE5-4EE2-94D4-5ED37DB7DD58}.Release|Any CPU.Build.0 = Release|Any CPU
	EndGlobalSection
	GlobalSection(SolutionProperties) = preSolution
		HideSolutionNode = FALSE
	EndGlobalSection
	GlobalSection(ExtensibilityGlobals) = postSolution
		SolutionGuid = {13F798B6-A816-403B-92A1-31B188E801A2}
	EndGlobalSection
EndGlobal
