
Microsoft Visual Studio Solution File, Format Version 12.00
# Visual Studio Version 16
VisualStudioVersion = 16.0.29409.12
MinimumVisualStudioVersion = 10.0.40219.1
Project("{9A19103F-16F7-4668-BE54-9A1E7A4F7556}") = "Launcher", "src\Launcher\Launcher.csproj", "{7467C647-3C6F-437C-A761-7E37542F577C}"
EndProject
Project("{9A19103F-16F7-4668-BE54-9A1E7A4F7556}") = "WarcraftLegacies.Source", "src\WarcraftLegacies.Source\WarcraftLegacies.Source.csproj", "{F93D82E3-B6B7-4BBD-B87D-8AD0969BFC94}"
EndProject
Project("{9A19103F-16F7-4668-BE54-9A1E7A4F7556}") = "WarcraftLegacies.Generated", "src\WarcraftLegacies.Generated\WarcraftLegacies.Generated.csproj", "{3DE25822-0AB6-4F6B-B8E3-6353A4068171}"
EndProject
Project("{FAE04EC0-301F-11D3-BF4B-00C04F79EFBC}") = "MacroTools", "src\MacroTools\MacroTools.csproj", "{E62365A9-413C-44F8-BB5D-2EFF6AFBFEF8}"
EndProject
Project("{2150E333-8FDC-42A3-9474-1A3956D46DE8}") = "src", "src", "{626B90E8-C679-4658-88F5-2EDE97F940DE}"
EndProject
Project("{FAE04EC0-301F-11D3-BF4B-00C04F79EFBC}") = "TestMap.Source", "src\TestMap.Source\TestMap.Source.csproj", "{9507E86D-4F4D-4160-870D-741A5FB8E496}"
EndProject
Project("{FAE04EC0-301F-11D3-BF4B-00C04F79EFBC}") = "War3Api.Object", "src\War3Api.Object\War3Api.Object.csproj", "{BD465133-F515-4436-BDCD-31861A3D0DDD}"
EndProject
Project("{2150E333-8FDC-42A3-9474-1A3956D46DE8}") = "test", "test", "{7E0407DE-0070-46E2-93C6-C9C662276392}"
EndProject
Project("{FAE04EC0-301F-11D3-BF4B-00C04F79EFBC}") = "Launcher.IntegrityChecker", "test\Launcher.IntegrityChecker\Launcher.IntegrityChecker.csproj", "{6BA878CD-A97E-44A5-B243-CE30FDE2E357}"
EndProject
Project("{FAE04EC0-301F-11D3-BF4B-00C04F79EFBC}") = "WarcraftLegacies.Shared", "src\WarcraftLegacies.Shared\WarcraftLegacies.Shared.csproj", "{A3319E1F-A91C-44CA-83AC-857F439E5825}"
EndProject
Global
	GlobalSection(SolutionConfigurationPlatforms) = preSolution
		Debug|Any CPU = Debug|Any CPU
		Release|Any CPU = Release|Any CPU
	EndGlobalSection
	GlobalSection(ProjectConfigurationPlatforms) = postSolution
		{7467C647-3C6F-437C-A761-7E37542F577C}.Debug|Any CPU.ActiveCfg = Debug|Any CPU
		{7467C647-3C6F-437C-A761-7E37542F577C}.Debug|Any CPU.Build.0 = Debug|Any CPU
		{7467C647-3C6F-437C-A761-7E37542F577C}.Release|Any CPU.ActiveCfg = Release|Any CPU
		{7467C647-3C6F-437C-A761-7E37542F577C}.Release|Any CPU.Build.0 = Release|Any CPU
		{F93D82E3-B6B7-4BBD-B87D-8AD0969BFC94}.Debug|Any CPU.ActiveCfg = Debug|Any CPU
		{F93D82E3-B6B7-4BBD-B87D-8AD0969BFC94}.Debug|Any CPU.Build.0 = Debug|Any CPU
		{F93D82E3-B6B7-4BBD-B87D-8AD0969BFC94}.Release|Any CPU.ActiveCfg = Release|Any CPU
		{F93D82E3-B6B7-4BBD-B87D-8AD0969BFC94}.Release|Any CPU.Build.0 = Release|Any CPU
		{3DE25822-0AB6-4F6B-B8E3-6353A4068171}.Debug|Any CPU.ActiveCfg = Debug|Any CPU
		{3DE25822-0AB6-4F6B-B8E3-6353A4068171}.Debug|Any CPU.Build.0 = Debug|Any CPU
		{3DE25822-0AB6-4F6B-B8E3-6353A4068171}.Release|Any CPU.ActiveCfg = Release|Any CPU
		{3DE25822-0AB6-4F6B-B8E3-6353A4068171}.Release|Any CPU.Build.0 = Release|Any CPU
		{E62365A9-413C-44F8-BB5D-2EFF6AFBFEF8}.Debug|Any CPU.ActiveCfg = Debug|Any CPU
		{E62365A9-413C-44F8-BB5D-2EFF6AFBFEF8}.Debug|Any CPU.Build.0 = Debug|Any CPU
		{E62365A9-413C-44F8-BB5D-2EFF6AFBFEF8}.Release|Any CPU.ActiveCfg = Release|Any CPU
		{E62365A9-413C-44F8-BB5D-2EFF6AFBFEF8}.Release|Any CPU.Build.0 = Release|Any CPU
		{9507E86D-4F4D-4160-870D-741A5FB8E496}.Debug|Any CPU.ActiveCfg = Debug|Any CPU
		{9507E86D-4F4D-4160-870D-741A5FB8E496}.Debug|Any CPU.Build.0 = Debug|Any CPU
		{9507E86D-4F4D-4160-870D-741A5FB8E496}.Release|Any CPU.ActiveCfg = Release|Any CPU
		{9507E86D-4F4D-4160-870D-741A5FB8E496}.Release|Any CPU.Build.0 = Release|Any CPU
		{BD465133-F515-4436-BDCD-31861A3D0DDD}.Debug|Any CPU.ActiveCfg = Debug|Any CPU
		{BD465133-F515-4436-BDCD-31861A3D0DDD}.Debug|Any CPU.Build.0 = Debug|Any CPU
		{BD465133-F515-4436-BDCD-31861A3D0DDD}.Release|Any CPU.ActiveCfg = Release|Any CPU
		{BD465133-F515-4436-BDCD-31861A3D0DDD}.Release|Any CPU.Build.0 = Release|Any CPU
		{6BA878CD-A97E-44A5-B243-CE30FDE2E357}.Debug|Any CPU.ActiveCfg = Debug|Any CPU
		{6BA878CD-A97E-44A5-B243-CE30FDE2E357}.Debug|Any CPU.Build.0 = Debug|Any CPU
		{6BA878CD-A97E-44A5-B243-CE30FDE2E357}.Release|Any CPU.ActiveCfg = Release|Any CPU
		{6BA878CD-A97E-44A5-B243-CE30FDE2E357}.Release|Any CPU.Build.0 = Release|Any CPU
		{A3319E1F-A91C-44CA-83AC-857F439E5825}.Debug|Any CPU.ActiveCfg = Debug|Any CPU
		{A3319E1F-A91C-44CA-83AC-857F439E5825}.Debug|Any CPU.Build.0 = Debug|Any CPU
		{A3319E1F-A91C-44CA-83AC-857F439E5825}.Release|Any CPU.ActiveCfg = Release|Any CPU
		{A3319E1F-A91C-44CA-83AC-857F439E5825}.Release|Any CPU.Build.0 = Release|Any CPU
	EndGlobalSection
	GlobalSection(SolutionProperties) = preSolution
		HideSolutionNode = FALSE
	EndGlobalSection
	GlobalSection(ExtensibilityGlobals) = postSolution
		SolutionGuid = {13F798B6-A816-403B-92A1-31B188E801A2}
	EndGlobalSection
	GlobalSection(NestedProjects) = preSolution
		{3DE25822-0AB6-4F6B-B8E3-6353A4068171} = {626B90E8-C679-4658-88F5-2EDE97F940DE}
		{7467C647-3C6F-437C-A761-7E37542F577C} = {626B90E8-C679-4658-88F5-2EDE97F940DE}
		{E62365A9-413C-44F8-BB5D-2EFF6AFBFEF8} = {626B90E8-C679-4658-88F5-2EDE97F940DE}
		{F93D82E3-B6B7-4BBD-B87D-8AD0969BFC94} = {626B90E8-C679-4658-88F5-2EDE97F940DE}
		{9507E86D-4F4D-4160-870D-741A5FB8E496} = {626B90E8-C679-4658-88F5-2EDE97F940DE}
		{BD465133-F515-4436-BDCD-31861A3D0DDD} = {626B90E8-C679-4658-88F5-2EDE97F940DE}
		{6BA878CD-A97E-44A5-B243-CE30FDE2E357} = {7E0407DE-0070-46E2-93C6-C9C662276392}
		{A3319E1F-A91C-44CA-83AC-857F439E5825} = {626B90E8-C679-4658-88F5-2EDE97F940DE}
	EndGlobalSection
EndGlobal
